{
    "version": "0.5",
    "requires": [
        "zlib/1.2.13#97d5730b529b4224045fe7090592d4c1%1692672717.049",
        "xz_utils/5.4.2#b6ee8320403def553418874435445982%1680786485.323",
        "xorg/system#de8fc1917bb3d11cf7a1d15eccf79c16%1681842477.341",
        "xkeyboard-config/system#493c19865261899b6633ecb43ce536d6%1672760927.706",
        "xkbcommon/1.4.1#ac268317a1a3ae59d197fcf268996ba5%1684505308.415",
        "wayland/1.21.0#c070265933a9ae40d0ee1af6cd273c4c%1684505246.314",
        "vorbis/1.3.7#d936fd8c850f0c7c4021e24e55e6352c%1677753970.154",
        "tinygltf/2.5.0#e43c2ee9f69c2d5c9eabafe09f4d40ac%1688053802.512",
        "stb/cci.20220909#1c47474f095ef8cd9e4959558525b827%1669653676.766",
        "sdl/2.26.5#e034848d4c66df2eaf93675c43f0505f%1686640207.927",
        "pulseaudio/14.2#c3f76f994ffddaaec75de7ac5846e2e4%1692880865.618",
        "opus/1.3.1#9215b71ae0360515fffc660a7b153ddd%1684255645.303",
        "openssl/3.1.2#ef79f25fe0968d69538feca6a6b3bc7f%1692693047.188",
        "opengl/system#b29589c04d6df84c110d6acb066ab653%1681425065.802",
        "ogg/1.3.5#062626875f5c8c59f069f76f148098ef%1676030023.878",
        "nlohmann_json/3.11.2#a35423bb6e1eb8f931423557e282c7ed%1666619820.488",
        "ms-gsl/4.0.0#60ed7b1ae7ff8fbfe0bf9a1c1f0443a8%1700512686.639",
        "mpg123/1.31.2#8442576eed0be6e78d836937e75b8912%1680610094.05",
        "m4/1.4.19#c1c4b1ee919e34630bb9b50046253d3c%1676610086.39",
        "libxml2/2.11.4#0bf4a1077299f970dce106e1a98d2cf9%1684479420.736",
        "libunwind/1.6.2#fd89fd4e53ce3f8804ab4b84ced34c9e%1688491187.997",
        "libtool/2.4.7#d55a3c2435c19e830fa77aa5c6c19350%1677509454.216",
        "libsndfile/1.2.2#2e130a97096820344d770ccb3c5979af%1692341249.864",
        "libmp3lame/3.100#44b12d19316eb2b223d98d3e75dae438%1674992501.853",
        "libiconv/1.17#fa54397801cd96911a8294bc5fc76335%1675449822.495",
        "libffi/3.4.4#35eb63842b505824b70aedc1baefc916%1682741110.044",
        "libcap/2.68#90a0fb7842818dc8d6d6701b3ebf943e%1682772474.977",
        "libalsa/1.2.7.2#a309f03299c0b19b0d39c81ec4b93f5f%1676403994.293",
        "glu/system#ee50fc2ade0e1c0c8ebb3be3ea60e0f5%1681460980.513",
        "glm/cci.20230113#3e19f4607c4d22cee611b572ce677479%1675657264.662",
        "glew/2.2.0#1113ff08038a29c8a70e06b42a426911%1663922792.31",
        "flac/1.4.2#5f7bfc8579a458e0a8bc36595c48106f%1675454360.78",
        "expat/2.5.0#91e43e4544923e4c934bfad1fa4306f9%1684595996.015",
        "entt/3.12.2#41bd2755a29e67dbd9d35e166bc377d2%1687564611.164",
        "egl/system#068ac3037d8cf01f768d0e001e6dcd76%1681426530.637",
        "catch2/3.5.2#9554dc3c4ffcab50daf8f2cac4b79308%1705365891.626",
        "automake/1.16.5#058bda3e21c36c9aa8425daf3c1faf50%1688481772.751",
        "autoconf/2.71#53be95d228b2dcb30dc199cb84262d8f%1693395343.513"
    ],
    "build_requires": [
        "zlib/1.2.13#97d5730b529b4224045fe7090592d4c1%1692672717.049",
        "yasm/1.3.0#fb800a15413dca19bfaef9e4b5d50694%1676208399.011",
        "wayland-protocols/1.31#d31e1b9abe504703681bfab0f5018c78%1687629155.899",
        "wayland/1.21.0#c070265933a9ae40d0ee1af6cd273c4c%1684505246.314",
        "pkgconf/1.9.5#743ca0d41d35a84b1f89af337ddaa1a0%1688570267.802",
        "pkgconf/1.9.3#5da3944c3226f5764374e4b8b4e1d055%1688570267.668",
        "ninja/1.11.1#77587f8c8318662ac8e5a7867eb4be21%1684431244.21",
        "meson/1.1.1#9d52de5791d944537595bec6b0ca4251%1685077896.675",
        "meson/1.1.0#6176e4f21370f5820c27da02836c32c9%1681198138.083",
        "meson/1.0.0#15586c0ac6f682805875ef903dbe7ee2%1673885561.647",
        "m4/1.4.19#c1c4b1ee919e34630bb9b50046253d3c%1676610086.39",
        "libxml2/2.11.4#0bf4a1077299f970dce106e1a98d2cf9%1684479420.736",
        "libtool/2.4.7#d55a3c2435c19e830fa77aa5c6c19350%1677509454.216",
        "libiconv/1.17#fa54397801cd96911a8294bc5fc76335%1675449822.495",
        "libffi/3.4.4#35eb63842b505824b70aedc1baefc916%1682741110.044",
        "gnu-config/cci.20210814#15c3bf7dfdb743977b84d0321534ad90%1681250000.747",
        "gettext/0.21#dce43b2d9d4d3ef6236024a27de9eb75%1676599688.7",
        "flex/2.6.4#e35bc44b3fcbcd661e0af0dc5b5b1ad4%1674818991.113",
        "expat/2.5.0#91e43e4544923e4c934bfad1fa4306f9%1684595996.015",
        "bison/3.8.2#ed1ba0c42d2ab7ab64fc3a62e9ecc673%1688556312.342",
        "automake/1.16.5#058bda3e21c36c9aa8425daf3c1faf50%1688481772.751",
        "autoconf/2.71#53be95d228b2dcb30dc199cb84262d8f%1693395343.513"
    ],
    "python_requires": []
}